
Microsoft Visual Studio Solution File, Format Version 12.00
# Visual Studio 15
VisualStudioVersion = 15.0.27004.2009
MinimumVisualStudioVersion = 10.0.40219.1
Project("{FAE04EC0-301F-11D3-BF4B-00C04F79EFBC}") = "Backend", "Backend\Backend.csproj", "{9CDA171F-68CE-4770-A12B-9693E5463B78}"
EndProject
Project("{FAE04EC0-301F-11D3-BF4B-00C04F79EFBC}") = "TodoList.Android", "TodoList\TodoList.Android\TodoList.Android.csproj", "{2609A4A8-0E08-4C3D-8571-FD0CB4BEDDA5}"
EndProject
Project("{FAE04EC0-301F-11D3-BF4B-00C04F79EFBC}") = "TodoList", "TodoList\TodoList\TodoList.csproj", "{CAF08834-0A0C-4D77-B443-739EBF8FAD32}"
EndProject
Project("{FAE04EC0-301F-11D3-BF4B-00C04F79EFBC}") = "TodoList.iOS", "TodoList\TodoList.iOS\TodoList.iOS.csproj", "{613D62F4-0826-4A85-9C12-969134E571C2}"
EndProject
Project("{2150E333-8FDC-42A3-9474-1A3956D46DE8}") = "Solution Items", "Solution Items", "{91297D6D-1F87-42D4-854B-0887C61112F5}"
	ProjectSection(SolutionItems) = preProject
		.editorconfig = .editorconfig
		NuGet.Config = NuGet.Config
	EndProjectSection
EndProject
Global
	GlobalSection(SolutionConfigurationPlatforms) = preSolution
		Ad-Hoc|Any CPU = Ad-Hoc|Any CPU
		Ad-Hoc|ARM = Ad-Hoc|ARM
		Ad-Hoc|iPhone = Ad-Hoc|iPhone
		Ad-Hoc|iPhoneSimulator = Ad-Hoc|iPhoneSimulator
		Ad-Hoc|x64 = Ad-Hoc|x64
		Ad-Hoc|x86 = Ad-Hoc|x86
		AppStore|Any CPU = AppStore|Any CPU
		AppStore|ARM = AppStore|ARM
		AppStore|iPhone = AppStore|iPhone
		AppStore|iPhoneSimulator = AppStore|iPhoneSimulator
		AppStore|x64 = AppStore|x64
		AppStore|x86 = AppStore|x86
		Debug|Any CPU = Debug|Any CPU
		Debug|ARM = Debug|ARM
		Debug|iPhone = Debug|iPhone
		Debug|iPhoneSimulator = Debug|iPhoneSimulator
		Debug|x64 = Debug|x64
		Debug|x86 = Debug|x86
		Release|Any CPU = Release|Any CPU
		Release|ARM = Release|ARM
		Release|iPhone = Release|iPhone
		Release|iPhoneSimulator = Release|iPhoneSimulator
		Release|x64 = Release|x64
		Release|x86 = Release|x86
	EndGlobalSection
	GlobalSection(ProjectConfigurationPlatforms) = postSolution
		{9CDA171F-68CE-4770-A12B-9693E5463B78}.Ad-Hoc|Any CPU.ActiveCfg = Release|Any CPU
		{9CDA171F-68CE-4770-A12B-9693E5463B78}.Ad-Hoc|Any CPU.Build.0 = Release|Any CPU
		{9CDA171F-68CE-4770-A12B-9693E5463B78}.Ad-Hoc|ARM.ActiveCfg = Release|Any CPU
		{9CDA171F-68CE-4770-A12B-9693E5463B78}.Ad-Hoc|ARM.Build.0 = Release|Any CPU
		{9CDA171F-68CE-4770-A12B-9693E5463B78}.Ad-Hoc|iPhone.ActiveCfg = Release|Any CPU
		{9CDA171F-68CE-4770-A12B-9693E5463B78}.Ad-Hoc|iPhone.Build.0 = Release|Any CPU
		{9CDA171F-68CE-4770-A12B-9693E5463B78}.Ad-Hoc|iPhoneSimulator.ActiveCfg = Release|Any CPU
		{9CDA171F-68CE-4770-A12B-9693E5463B78}.Ad-Hoc|iPhoneSimulator.Build.0 = Release|Any CPU
		{9CDA171F-68CE-4770-A12B-9693E5463B78}.Ad-Hoc|x64.ActiveCfg = Release|Any CPU
		{9CDA171F-68CE-4770-A12B-9693E5463B78}.Ad-Hoc|x64.Build.0 = Release|Any CPU
		{9CDA171F-68CE-4770-A12B-9693E5463B78}.Ad-Hoc|x86.ActiveCfg = Release|Any CPU
		{9CDA171F-68CE-4770-A12B-9693E5463B78}.Ad-Hoc|x86.Build.0 = Release|Any CPU
		{9CDA171F-68CE-4770-A12B-9693E5463B78}.AppStore|Any CPU.ActiveCfg = Release|Any CPU
		{9CDA171F-68CE-4770-A12B-9693E5463B78}.AppStore|Any CPU.Build.0 = Release|Any CPU
		{9CDA171F-68CE-4770-A12B-9693E5463B78}.AppStore|ARM.ActiveCfg = Release|Any CPU
		{9CDA171F-68CE-4770-A12B-9693E5463B78}.AppStore|ARM.Build.0 = Release|Any CPU
		{9CDA171F-68CE-4770-A12B-9693E5463B78}.AppStore|iPhone.ActiveCfg = Release|Any CPU
		{9CDA171F-68CE-4770-A12B-9693E5463B78}.AppStore|iPhone.Build.0 = Release|Any CPU
		{9CDA171F-68CE-4770-A12B-9693E5463B78}.AppStore|iPhoneSimulator.ActiveCfg = Release|Any CPU
		{9CDA171F-68CE-4770-A12B-9693E5463B78}.AppStore|iPhoneSimulator.Build.0 = Release|Any CPU
		{9CDA171F-68CE-4770-A12B-9693E5463B78}.AppStore|x64.ActiveCfg = Release|Any CPU
		{9CDA171F-68CE-4770-A12B-9693E5463B78}.AppStore|x64.Build.0 = Release|Any CPU
		{9CDA171F-68CE-4770-A12B-9693E5463B78}.AppStore|x86.ActiveCfg = Release|Any CPU
		{9CDA171F-68CE-4770-A12B-9693E5463B78}.AppStore|x86.Build.0 = Release|Any CPU
		{9CDA171F-68CE-4770-A12B-9693E5463B78}.Debug|Any CPU.ActiveCfg = Debug|Any CPU
		{9CDA171F-68CE-4770-A12B-9693E5463B78}.Debug|Any CPU.Build.0 = Debug|Any CPU
		{9CDA171F-68CE-4770-A12B-9693E5463B78}.Debug|ARM.ActiveCfg = Debug|Any CPU
		{9CDA171F-68CE-4770-A12B-9693E5463B78}.Debug|ARM.Build.0 = Debug|Any CPU
		{9CDA171F-68CE-4770-A12B-9693E5463B78}.Debug|iPhone.ActiveCfg = Debug|Any CPU
		{9CDA171F-68CE-4770-A12B-9693E5463B78}.Debug|iPhone.Build.0 = Debug|Any CPU
		{9CDA171F-68CE-4770-A12B-9693E5463B78}.Debug|iPhoneSimulator.ActiveCfg = Debug|Any CPU
		{9CDA171F-68CE-4770-A12B-9693E5463B78}.Debug|iPhoneSimulator.Build.0 = Debug|Any CPU
		{9CDA171F-68CE-4770-A12B-9693E5463B78}.Debug|x64.ActiveCfg = Debug|Any CPU
		{9CDA171F-68CE-4770-A12B-9693E5463B78}.Debug|x64.Build.0 = Debug|Any CPU
		{9CDA171F-68CE-4770-A12B-9693E5463B78}.Debug|x86.ActiveCfg = Debug|Any CPU
		{9CDA171F-68CE-4770-A12B-9693E5463B78}.Debug|x86.Build.0 = Debug|Any CPU
		{9CDA171F-68CE-4770-A12B-9693E5463B78}.Release|Any CPU.ActiveCfg = Release|Any CPU
		{9CDA171F-68CE-4770-A12B-9693E5463B78}.Release|Any CPU.Build.0 = Release|Any CPU
		{9CDA171F-68CE-4770-A12B-9693E5463B78}.Release|ARM.ActiveCfg = Release|Any CPU
		{9CDA171F-68CE-4770-A12B-9693E5463B78}.Release|ARM.Build.0 = Release|Any CPU
		{9CDA171F-68CE-4770-A12B-9693E5463B78}.Release|iPhone.ActiveCfg = Release|Any CPU
		{9CDA171F-68CE-4770-A12B-9693E5463B78}.Release|iPhone.Build.0 = Release|Any CPU
		{9CDA171F-68CE-4770-A12B-9693E5463B78}.Release|iPhoneSimulator.ActiveCfg = Release|Any CPU
		{9CDA171F-68CE-4770-A12B-9693E5463B78}.Release|iPhoneSimulator.Build.0 = Release|Any CPU
		{9CDA171F-68CE-4770-A12B-9693E5463B78}.Release|x64.ActiveCfg = Release|Any CPU
		{9CDA171F-68CE-4770-A12B-9693E5463B78}.Release|x64.Build.0 = Release|Any CPU
		{9CDA171F-68CE-4770-A12B-9693E5463B78}.Release|x86.ActiveCfg = Release|Any CPU
		{9CDA171F-68CE-4770-A12B-9693E5463B78}.Release|x86.Build.0 = Release|Any CPU
		{2609A4A8-0E08-4C3D-8571-FD0CB4BEDDA5}.Ad-Hoc|Any CPU.ActiveCfg = Release|Any CPU
		{2609A4A8-0E08-4C3D-8571-FD0CB4BEDDA5}.Ad-Hoc|Any CPU.Build.0 = Release|Any CPU
		{2609A4A8-0E08-4C3D-8571-FD0CB4BEDDA5}.Ad-Hoc|Any CPU.Deploy.0 = Release|Any CPU
		{2609A4A8-0E08-4C3D-8571-FD0CB4BEDDA5}.Ad-Hoc|ARM.ActiveCfg = Release|Any CPU
		{2609A4A8-0E08-4C3D-8571-FD0CB4BEDDA5}.Ad-Hoc|ARM.Build.0 = Release|Any CPU
		{2609A4A8-0E08-4C3D-8571-FD0CB4BEDDA5}.Ad-Hoc|ARM.Deploy.0 = Release|Any CPU
		{2609A4A8-0E08-4C3D-8571-FD0CB4BEDDA5}.Ad-Hoc|iPhone.ActiveCfg = Release|Any CPU
		{2609A4A8-0E08-4C3D-8571-FD0CB4BEDDA5}.Ad-Hoc|iPhone.Build.0 = Release|Any CPU
		{2609A4A8-0E08-4C3D-8571-FD0CB4BEDDA5}.Ad-Hoc|iPhone.Deploy.0 = Release|Any CPU
		{2609A4A8-0E08-4C3D-8571-FD0CB4BEDDA5}.Ad-Hoc|iPhoneSimulator.ActiveCfg = Release|Any CPU
		{2609A4A8-0E08-4C3D-8571-FD0CB4BEDDA5}.Ad-Hoc|iPhoneSimulator.Build.0 = Release|Any CPU
		{2609A4A8-0E08-4C3D-8571-FD0CB4BEDDA5}.Ad-Hoc|iPhoneSimulator.Deploy.0 = Release|Any CPU
		{2609A4A8-0E08-4C3D-8571-FD0CB4BEDDA5}.Ad-Hoc|x64.ActiveCfg = Release|Any CPU
		{2609A4A8-0E08-4C3D-8571-FD0CB4BEDDA5}.Ad-Hoc|x64.Build.0 = Release|Any CPU
		{2609A4A8-0E08-4C3D-8571-FD0CB4BEDDA5}.Ad-Hoc|x64.Deploy.0 = Release|Any CPU
		{2609A4A8-0E08-4C3D-8571-FD0CB4BEDDA5}.Ad-Hoc|x86.ActiveCfg = Release|Any CPU
		{2609A4A8-0E08-4C3D-8571-FD0CB4BEDDA5}.Ad-Hoc|x86.Build.0 = Release|Any CPU
		{2609A4A8-0E08-4C3D-8571-FD0CB4BEDDA5}.Ad-Hoc|x86.Deploy.0 = Release|Any CPU
		{2609A4A8-0E08-4C3D-8571-FD0CB4BEDDA5}.AppStore|Any CPU.ActiveCfg = Release|Any CPU
		{2609A4A8-0E08-4C3D-8571-FD0CB4BEDDA5}.AppStore|Any CPU.Build.0 = Release|Any CPU
		{2609A4A8-0E08-4C3D-8571-FD0CB4BEDDA5}.AppStore|Any CPU.Deploy.0 = Release|Any CPU
		{2609A4A8-0E08-4C3D-8571-FD0CB4BEDDA5}.AppStore|ARM.ActiveCfg = Release|Any CPU
		{2609A4A8-0E08-4C3D-8571-FD0CB4BEDDA5}.AppStore|ARM.Build.0 = Release|Any CPU
		{2609A4A8-0E08-4C3D-8571-FD0CB4BEDDA5}.AppStore|ARM.Deploy.0 = Release|Any CPU
		{2609A4A8-0E08-4C3D-8571-FD0CB4BEDDA5}.AppStore|iPhone.ActiveCfg = Release|Any CPU
		{2609A4A8-0E08-4C3D-8571-FD0CB4BEDDA5}.AppStore|iPhone.Build.0 = Release|Any CPU
		{2609A4A8-0E08-4C3D-8571-FD0CB4BEDDA5}.AppStore|iPhone.Deploy.0 = Release|Any CPU
		{2609A4A8-0E08-4C3D-8571-FD0CB4BEDDA5}.AppStore|iPhoneSimulator.ActiveCfg = Release|Any CPU
		{2609A4A8-0E08-4C3D-8571-FD0CB4BEDDA5}.AppStore|iPhoneSimulator.Build.0 = Release|Any CPU
		{2609A4A8-0E08-4C3D-8571-FD0CB4BEDDA5}.AppStore|iPhoneSimulator.Deploy.0 = Release|Any CPU
		{2609A4A8-0E08-4C3D-8571-FD0CB4BEDDA5}.AppStore|x64.ActiveCfg = Release|Any CPU
		{2609A4A8-0E08-4C3D-8571-FD0CB4BEDDA5}.AppStore|x64.Build.0 = Release|Any CPU
		{2609A4A8-0E08-4C3D-8571-FD0CB4BEDDA5}.AppStore|x64.Deploy.0 = Release|Any CPU
		{2609A4A8-0E08-4C3D-8571-FD0CB4BEDDA5}.AppStore|x86.ActiveCfg = Release|Any CPU
		{2609A4A8-0E08-4C3D-8571-FD0CB4BEDDA5}.AppStore|x86.Build.0 = Release|Any CPU
		{2609A4A8-0E08-4C3D-8571-FD0CB4BEDDA5}.AppStore|x86.Deploy.0 = Release|Any CPU
		{2609A4A8-0E08-4C3D-8571-FD0CB4BEDDA5}.Debug|Any CPU.ActiveCfg = Debug|Any CPU
		{2609A4A8-0E08-4C3D-8571-FD0CB4BEDDA5}.Debug|Any CPU.Build.0 = Debug|Any CPU
		{2609A4A8-0E08-4C3D-8571-FD0CB4BEDDA5}.Debug|Any CPU.Deploy.0 = Debug|Any CPU
		{2609A4A8-0E08-4C3D-8571-FD0CB4BEDDA5}.Debug|ARM.ActiveCfg = Debug|Any CPU
		{2609A4A8-0E08-4C3D-8571-FD0CB4BEDDA5}.Debug|ARM.Build.0 = Debug|Any CPU
		{2609A4A8-0E08-4C3D-8571-FD0CB4BEDDA5}.Debug|ARM.Deploy.0 = Debug|Any CPU
		{2609A4A8-0E08-4C3D-8571-FD0CB4BEDDA5}.Debug|iPhone.ActiveCfg = Debug|Any CPU
		{2609A4A8-0E08-4C3D-8571-FD0CB4BEDDA5}.Debug|iPhone.Build.0 = Debug|Any CPU
		{2609A4A8-0E08-4C3D-8571-FD0CB4BEDDA5}.Debug|iPhone.Deploy.0 = Debug|Any CPU
		{2609A4A8-0E08-4C3D-8571-FD0CB4BEDDA5}.Debug|iPhoneSimulator.ActiveCfg = Debug|Any CPU
		{2609A4A8-0E08-4C3D-8571-FD0CB4BEDDA5}.Debug|iPhoneSimulator.Build.0 = Debug|Any CPU
		{2609A4A8-0E08-4C3D-8571-FD0CB4BEDDA5}.Debug|iPhoneSimulator.Deploy.0 = Debug|Any CPU
		{2609A4A8-0E08-4C3D-8571-FD0CB4BEDDA5}.Debug|x64.ActiveCfg = Debug|Any CPU
		{2609A4A8-0E08-4C3D-8571-FD0CB4BEDDA5}.Debug|x64.Build.0 = Debug|Any CPU
		{2609A4A8-0E08-4C3D-8571-FD0CB4BEDDA5}.Debug|x64.Deploy.0 = Debug|Any CPU
		{2609A4A8-0E08-4C3D-8571-FD0CB4BEDDA5}.Debug|x86.ActiveCfg = Debug|Any CPU
		{2609A4A8-0E08-4C3D-8571-FD0CB4BEDDA5}.Debug|x86.Build.0 = Debug|Any CPU
		{2609A4A8-0E08-4C3D-8571-FD0CB4BEDDA5}.Debug|x86.Deploy.0 = Debug|Any CPU
		{2609A4A8-0E08-4C3D-8571-FD0CB4BEDDA5}.Release|Any CPU.ActiveCfg = Release|Any CPU
		{2609A4A8-0E08-4C3D-8571-FD0CB4BEDDA5}.Release|Any CPU.Build.0 = Release|Any CPU
		{2609A4A8-0E08-4C3D-8571-FD0CB4BEDDA5}.Release|Any CPU.Deploy.0 = Release|Any CPU
		{2609A4A8-0E08-4C3D-8571-FD0CB4BEDDA5}.Release|ARM.ActiveCfg = Release|Any CPU
		{2609A4A8-0E08-4C3D-8571-FD0CB4BEDDA5}.Release|ARM.Build.0 = Release|Any CPU
		{2609A4A8-0E08-4C3D-8571-FD0CB4BEDDA5}.Release|ARM.Deploy.0 = Release|Any CPU
		{2609A4A8-0E08-4C3D-8571-FD0CB4BEDDA5}.Release|iPhone.ActiveCfg = Release|Any CPU
		{2609A4A8-0E08-4C3D-8571-FD0CB4BEDDA5}.Release|iPhone.Build.0 = Release|Any CPU
		{2609A4A8-0E08-4C3D-8571-FD0CB4BEDDA5}.Release|iPhone.Deploy.0 = Release|Any CPU
		{2609A4A8-0E08-4C3D-8571-FD0CB4BEDDA5}.Release|iPhoneSimulator.ActiveCfg = Release|Any CPU
		{2609A4A8-0E08-4C3D-8571-FD0CB4BEDDA5}.Release|iPhoneSimulator.Build.0 = Release|Any CPU
		{2609A4A8-0E08-4C3D-8571-FD0CB4BEDDA5}.Release|iPhoneSimulator.Deploy.0 = Release|Any CPU
		{2609A4A8-0E08-4C3D-8571-FD0CB4BEDDA5}.Release|x64.ActiveCfg = Release|Any CPU
		{2609A4A8-0E08-4C3D-8571-FD0CB4BEDDA5}.Release|x64.Build.0 = Release|Any CPU
		{2609A4A8-0E08-4C3D-8571-FD0CB4BEDDA5}.Release|x64.Deploy.0 = Release|Any CPU
		{2609A4A8-0E08-4C3D-8571-FD0CB4BEDDA5}.Release|x86.ActiveCfg = Release|Any CPU
		{2609A4A8-0E08-4C3D-8571-FD0CB4BEDDA5}.Release|x86.Build.0 = Release|Any CPU
		{2609A4A8-0E08-4C3D-8571-FD0CB4BEDDA5}.Release|x86.Deploy.0 = Release|Any CPU
		{CAF08834-0A0C-4D77-B443-739EBF8FAD32}.Ad-Hoc|Any CPU.ActiveCfg = Release|Any CPU
		{CAF08834-0A0C-4D77-B443-739EBF8FAD32}.Ad-Hoc|Any CPU.Build.0 = Release|Any CPU
		{CAF08834-0A0C-4D77-B443-739EBF8FAD32}.Ad-Hoc|ARM.ActiveCfg = Release|Any CPU
		{CAF08834-0A0C-4D77-B443-739EBF8FAD32}.Ad-Hoc|ARM.Build.0 = Release|Any CPU
		{CAF08834-0A0C-4D77-B443-739EBF8FAD32}.Ad-Hoc|iPhone.ActiveCfg = Release|Any CPU
		{CAF08834-0A0C-4D77-B443-739EBF8FAD32}.Ad-Hoc|iPhone.Build.0 = Release|Any CPU
		{CAF08834-0A0C-4D77-B443-739EBF8FAD32}.Ad-Hoc|iPhoneSimulator.ActiveCfg = Release|Any CPU
		{CAF08834-0A0C-4D77-B443-739EBF8FAD32}.Ad-Hoc|iPhoneSimulator.Build.0 = Release|Any CPU
		{CAF08834-0A0C-4D77-B443-739EBF8FAD32}.Ad-Hoc|x64.ActiveCfg = Release|Any CPU
		{CAF08834-0A0C-4D77-B443-739EBF8FAD32}.Ad-Hoc|x64.Build.0 = Release|Any CPU
		{CAF08834-0A0C-4D77-B443-739EBF8FAD32}.Ad-Hoc|x86.ActiveCfg = Release|Any CPU
		{CAF08834-0A0C-4D77-B443-739EBF8FAD32}.Ad-Hoc|x86.Build.0 = Release|Any CPU
		{CAF08834-0A0C-4D77-B443-739EBF8FAD32}.AppStore|Any CPU.ActiveCfg = Release|Any CPU
		{CAF08834-0A0C-4D77-B443-739EBF8FAD32}.AppStore|Any CPU.Build.0 = Release|Any CPU
		{CAF08834-0A0C-4D77-B443-739EBF8FAD32}.AppStore|ARM.ActiveCfg = Release|Any CPU
		{CAF08834-0A0C-4D77-B443-739EBF8FAD32}.AppStore|ARM.Build.0 = Release|Any CPU
		{CAF08834-0A0C-4D77-B443-739EBF8FAD32}.AppStore|iPhone.ActiveCfg = Release|Any CPU
		{CAF08834-0A0C-4D77-B443-739EBF8FAD32}.AppStore|iPhone.Build.0 = Release|Any CPU
		{CAF08834-0A0C-4D77-B443-739EBF8FAD32}.AppStore|iPhoneSimulator.ActiveCfg = Release|Any CPU
		{CAF08834-0A0C-4D77-B443-739EBF8FAD32}.AppStore|iPhoneSimulator.Build.0 = Release|Any CPU
		{CAF08834-0A0C-4D77-B443-739EBF8FAD32}.AppStore|x64.ActiveCfg = Release|Any CPU
		{CAF08834-0A0C-4D77-B443-739EBF8FAD32}.AppStore|x64.Build.0 = Release|Any CPU
		{CAF08834-0A0C-4D77-B443-739EBF8FAD32}.AppStore|x86.ActiveCfg = Release|Any CPU
		{CAF08834-0A0C-4D77-B443-739EBF8FAD32}.AppStore|x86.Build.0 = Release|Any CPU
		{CAF08834-0A0C-4D77-B443-739EBF8FAD32}.Debug|Any CPU.ActiveCfg = Debug|Any CPU
		{CAF08834-0A0C-4D77-B443-739EBF8FAD32}.Debug|Any CPU.Build.0 = Debug|Any CPU
		{CAF08834-0A0C-4D77-B443-739EBF8FAD32}.Debug|ARM.ActiveCfg = Debug|Any CPU
		{CAF08834-0A0C-4D77-B443-739EBF8FAD32}.Debug|ARM.Build.0 = Debug|Any CPU
		{CAF08834-0A0C-4D77-B443-739EBF8FAD32}.Debug|iPhone.ActiveCfg = Debug|Any CPU
		{CAF08834-0A0C-4D77-B443-739EBF8FAD32}.Debug|iPhone.Build.0 = Debug|Any CPU
		{CAF08834-0A0C-4D77-B443-739EBF8FAD32}.Debug|iPhoneSimulator.ActiveCfg = Debug|Any CPU
		{CAF08834-0A0C-4D77-B443-739EBF8FAD32}.Debug|iPhoneSimulator.Build.0 = Debug|Any CPU
		{CAF08834-0A0C-4D77-B443-739EBF8FAD32}.Debug|x64.ActiveCfg = Debug|Any CPU
		{CAF08834-0A0C-4D77-B443-739EBF8FAD32}.Debug|x64.Build.0 = Debug|Any CPU
		{CAF08834-0A0C-4D77-B443-739EBF8FAD32}.Debug|x86.ActiveCfg = Debug|Any CPU
		{CAF08834-0A0C-4D77-B443-739EBF8FAD32}.Debug|x86.Build.0 = Debug|Any CPU
		{CAF08834-0A0C-4D77-B443-739EBF8FAD32}.Release|Any CPU.ActiveCfg = Release|Any CPU
		{CAF08834-0A0C-4D77-B443-739EBF8FAD32}.Release|Any CPU.Build.0 = Release|Any CPU
		{CAF08834-0A0C-4D77-B443-739EBF8FAD32}.Release|ARM.ActiveCfg = Release|Any CPU
		{CAF08834-0A0C-4D77-B443-739EBF8FAD32}.Release|ARM.Build.0 = Release|Any CPU
		{CAF08834-0A0C-4D77-B443-739EBF8FAD32}.Release|iPhone.ActiveCfg = Release|Any CPU
		{CAF08834-0A0C-4D77-B443-739EBF8FAD32}.Release|iPhone.Build.0 = Release|Any CPU
		{CAF08834-0A0C-4D77-B443-739EBF8FAD32}.Release|iPhoneSimulator.ActiveCfg = Release|Any CPU
		{CAF08834-0A0C-4D77-B443-739EBF8FAD32}.Release|iPhoneSimulator.Build.0 = Release|Any CPU
		{CAF08834-0A0C-4D77-B443-739EBF8FAD32}.Release|x64.ActiveCfg = Release|Any CPU
		{CAF08834-0A0C-4D77-B443-739EBF8FAD32}.Release|x64.Build.0 = Release|Any CPU
		{CAF08834-0A0C-4D77-B443-739EBF8FAD32}.Release|x86.ActiveCfg = Release|Any CPU
		{CAF08834-0A0C-4D77-B443-739EBF8FAD32}.Release|x86.Build.0 = Release|Any CPU
		{613D62F4-0826-4A85-9C12-969134E571C2}.Ad-Hoc|Any CPU.ActiveCfg = Ad-Hoc|iPhoneSimulator
		{613D62F4-0826-4A85-9C12-969134E571C2}.Ad-Hoc|ARM.ActiveCfg = Ad-Hoc|iPhone
		{613D62F4-0826-4A85-9C12-969134E571C2}.Ad-Hoc|iPhone.ActiveCfg = Ad-Hoc|iPhone
		{613D62F4-0826-4A85-9C12-969134E571C2}.Ad-Hoc|iPhone.Build.0 = Ad-Hoc|iPhone
		{613D62F4-0826-4A85-9C12-969134E571C2}.Ad-Hoc|iPhoneSimulator.ActiveCfg = Ad-Hoc|iPhoneSimulator
		{613D62F4-0826-4A85-9C12-969134E571C2}.Ad-Hoc|iPhoneSimulator.Build.0 = Ad-Hoc|iPhoneSimulator
		{613D62F4-0826-4A85-9C12-969134E571C2}.Ad-Hoc|x64.ActiveCfg = Ad-Hoc|iPhone
		{613D62F4-0826-4A85-9C12-969134E571C2}.Ad-Hoc|x86.ActiveCfg = Ad-Hoc|iPhone
		{613D62F4-0826-4A85-9C12-969134E571C2}.AppStore|Any CPU.ActiveCfg = AppStore|iPhoneSimulator
		{613D62F4-0826-4A85-9C12-969134E571C2}.AppStore|ARM.ActiveCfg = AppStore|iPhone
		{613D62F4-0826-4A85-9C12-969134E571C2}.AppStore|iPhone.ActiveCfg = AppStore|iPhone
		{613D62F4-0826-4A85-9C12-969134E571C2}.AppStore|iPhone.Build.0 = AppStore|iPhone
		{613D62F4-0826-4A85-9C12-969134E571C2}.AppStore|iPhoneSimulator.ActiveCfg = AppStore|iPhoneSimulator
		{613D62F4-0826-4A85-9C12-969134E571C2}.AppStore|iPhoneSimulator.Build.0 = AppStore|iPhoneSimulator
		{613D62F4-0826-4A85-9C12-969134E571C2}.AppStore|x64.ActiveCfg = AppStore|iPhone
		{613D62F4-0826-4A85-9C12-969134E571C2}.AppStore|x86.ActiveCfg = AppStore|iPhone
		{613D62F4-0826-4A85-9C12-969134E571C2}.Debug|Any CPU.ActiveCfg = Debug|iPhoneSimulator
		{613D62F4-0826-4A85-9C12-969134E571C2}.Debug|ARM.ActiveCfg = Debug|iPhone
		{613D62F4-0826-4A85-9C12-969134E571C2}.Debug|iPhone.ActiveCfg = Debug|iPhone
		{613D62F4-0826-4A85-9C12-969134E571C2}.Debug|iPhone.Build.0 = Debug|iPhone
		{613D62F4-0826-4A85-9C12-969134E571C2}.Debug|iPhoneSimulator.ActiveCfg = Debug|iPhoneSimulator
		{613D62F4-0826-4A85-9C12-969134E571C2}.Debug|iPhoneSimulator.Build.0 = Debug|iPhoneSimulator
		{613D62F4-0826-4A85-9C12-969134E571C2}.Debug|x64.ActiveCfg = Debug|iPhone
		{613D62F4-0826-4A85-9C12-969134E571C2}.Debug|x86.ActiveCfg = Debug|iPhone
		{613D62F4-0826-4A85-9C12-969134E571C2}.Release|Any CPU.ActiveCfg = Release|iPhoneSimulator
		{613D62F4-0826-4A85-9C12-969134E571C2}.Release|ARM.ActiveCfg = Release|iPhone
		{613D62F4-0826-4A85-9C12-969134E571C2}.Release|iPhone.ActiveCfg = Release|iPhone
		{613D62F4-0826-4A85-9C12-969134E571C2}.Release|iPhone.Build.0 = Release|iPhone
		{613D62F4-0826-4A85-9C12-969134E571C2}.Release|iPhoneSimulator.ActiveCfg = Release|iPhoneSimulator
		{613D62F4-0826-4A85-9C12-969134E571C2}.Release|iPhoneSimulator.Build.0 = Release|iPhoneSimulator
		{613D62F4-0826-4A85-9C12-969134E571C2}.Release|x64.ActiveCfg = Release|iPhone
		{613D62F4-0826-4A85-9C12-969134E571C2}.Release|x86.ActiveCfg = Release|iPhone
	EndGlobalSection
	GlobalSection(SolutionProperties) = preSolution
		HideSolutionNode = FALSE
	EndGlobalSection
	GlobalSection(ExtensibilityGlobals) = postSolution
		SolutionGuid = {AB66E056-F332-4C98-A8BC-6ABF34F01C9F}
	EndGlobalSection
EndGlobal
