
Microsoft Visual Studio Solution File, Format Version 12.00
# Visual Studio 15
VisualStudioVersion = 15.0.27130.0
MinimumVisualStudioVersion = 10.0.40219.1
Project("{2150E333-8FDC-42A3-9474-1A3956D46DE8}") = "Backend", "Backend", "{A3771E25-605C-49AE-B72B-1447E41708F3}"
EndProject
Project("{FAE04EC0-301F-11D3-BF4B-00C04F79EFBC}") = "Backend", "Backend\Backend.csproj", "{9CDA171F-68CE-4770-A12B-9693E5463B78}"
EndProject
Project("{2150E333-8FDC-42A3-9474-1A3956D46DE8}") = "App", "App", "{D144B1AE-8A53-4088-92F8-3A8C8BDCA021}"
EndProject
Project("{FAE04EC0-301F-11D3-BF4B-00C04F79EFBC}") = "TodoList.Android", "TodoList\TodoList.Android\TodoList.Android.csproj", "{7BACE751-C54E-49A3-98C3-57389F088BC8}"
EndProject
Project("{FAE04EC0-301F-11D3-BF4B-00C04F79EFBC}") = "TodoList.iOS", "TodoList\TodoList.iOS\TodoList.iOS.csproj", "{7BE61429-F4C1-41DF-A211-5611BC72E70B}"
EndProject
Project("{FAE04EC0-301F-11D3-BF4B-00C04F79EFBC}") = "TodoList.UWP", "TodoList\TodoList.UWP\TodoList.UWP.csproj", "{B1252CB6-C558-4559-BF89-354827903C3B}"
EndProject
Project("{FAE04EC0-301F-11D3-BF4B-00C04F79EFBC}") = "TodoList", "TodoList\TodoList\TodoList.csproj", "{D4CCFC51-7CB3-4302-8BAE-9F384D66C096}"
EndProject
Global
	GlobalSection(SolutionConfigurationPlatforms) = preSolution
		Ad-Hoc|Any CPU = Ad-Hoc|Any CPU
		Ad-Hoc|ARM = Ad-Hoc|ARM
		Ad-Hoc|iPhone = Ad-Hoc|iPhone
		Ad-Hoc|iPhoneSimulator = Ad-Hoc|iPhoneSimulator
		Ad-Hoc|x64 = Ad-Hoc|x64
		Ad-Hoc|x86 = Ad-Hoc|x86
		AppStore|Any CPU = AppStore|Any CPU
		AppStore|ARM = AppStore|ARM
		AppStore|iPhone = AppStore|iPhone
		AppStore|iPhoneSimulator = AppStore|iPhoneSimulator
		AppStore|x64 = AppStore|x64
		AppStore|x86 = AppStore|x86
		Debug|Any CPU = Debug|Any CPU
		Debug|ARM = Debug|ARM
		Debug|iPhone = Debug|iPhone
		Debug|iPhoneSimulator = Debug|iPhoneSimulator
		Debug|x64 = Debug|x64
		Debug|x86 = Debug|x86
		Release|Any CPU = Release|Any CPU
		Release|ARM = Release|ARM
		Release|iPhone = Release|iPhone
		Release|iPhoneSimulator = Release|iPhoneSimulator
		Release|x64 = Release|x64
		Release|x86 = Release|x86
	EndGlobalSection
	GlobalSection(ProjectConfigurationPlatforms) = postSolution
		{9CDA171F-68CE-4770-A12B-9693E5463B78}.Ad-Hoc|Any CPU.ActiveCfg = Release|Any CPU
		{9CDA171F-68CE-4770-A12B-9693E5463B78}.Ad-Hoc|Any CPU.Build.0 = Release|Any CPU
		{9CDA171F-68CE-4770-A12B-9693E5463B78}.Ad-Hoc|ARM.ActiveCfg = Release|Any CPU
		{9CDA171F-68CE-4770-A12B-9693E5463B78}.Ad-Hoc|ARM.Build.0 = Release|Any CPU
		{9CDA171F-68CE-4770-A12B-9693E5463B78}.Ad-Hoc|iPhone.ActiveCfg = Release|Any CPU
		{9CDA171F-68CE-4770-A12B-9693E5463B78}.Ad-Hoc|iPhone.Build.0 = Release|Any CPU
		{9CDA171F-68CE-4770-A12B-9693E5463B78}.Ad-Hoc|iPhoneSimulator.ActiveCfg = Release|Any CPU
		{9CDA171F-68CE-4770-A12B-9693E5463B78}.Ad-Hoc|iPhoneSimulator.Build.0 = Release|Any CPU
		{9CDA171F-68CE-4770-A12B-9693E5463B78}.Ad-Hoc|x64.ActiveCfg = Release|Any CPU
		{9CDA171F-68CE-4770-A12B-9693E5463B78}.Ad-Hoc|x64.Build.0 = Release|Any CPU
		{9CDA171F-68CE-4770-A12B-9693E5463B78}.Ad-Hoc|x86.ActiveCfg = Release|Any CPU
		{9CDA171F-68CE-4770-A12B-9693E5463B78}.Ad-Hoc|x86.Build.0 = Release|Any CPU
		{9CDA171F-68CE-4770-A12B-9693E5463B78}.AppStore|Any CPU.ActiveCfg = Release|Any CPU
		{9CDA171F-68CE-4770-A12B-9693E5463B78}.AppStore|Any CPU.Build.0 = Release|Any CPU
		{9CDA171F-68CE-4770-A12B-9693E5463B78}.AppStore|ARM.ActiveCfg = Release|Any CPU
		{9CDA171F-68CE-4770-A12B-9693E5463B78}.AppStore|ARM.Build.0 = Release|Any CPU
		{9CDA171F-68CE-4770-A12B-9693E5463B78}.AppStore|iPhone.ActiveCfg = Release|Any CPU
		{9CDA171F-68CE-4770-A12B-9693E5463B78}.AppStore|iPhone.Build.0 = Release|Any CPU
		{9CDA171F-68CE-4770-A12B-9693E5463B78}.AppStore|iPhoneSimulator.ActiveCfg = Release|Any CPU
		{9CDA171F-68CE-4770-A12B-9693E5463B78}.AppStore|iPhoneSimulator.Build.0 = Release|Any CPU
		{9CDA171F-68CE-4770-A12B-9693E5463B78}.AppStore|x64.ActiveCfg = Release|Any CPU
		{9CDA171F-68CE-4770-A12B-9693E5463B78}.AppStore|x64.Build.0 = Release|Any CPU
		{9CDA171F-68CE-4770-A12B-9693E5463B78}.AppStore|x86.ActiveCfg = Release|Any CPU
		{9CDA171F-68CE-4770-A12B-9693E5463B78}.AppStore|x86.Build.0 = Release|Any CPU
		{9CDA171F-68CE-4770-A12B-9693E5463B78}.Debug|Any CPU.ActiveCfg = Debug|Any CPU
		{9CDA171F-68CE-4770-A12B-9693E5463B78}.Debug|Any CPU.Build.0 = Debug|Any CPU
		{9CDA171F-68CE-4770-A12B-9693E5463B78}.Debug|ARM.ActiveCfg = Debug|Any CPU
		{9CDA171F-68CE-4770-A12B-9693E5463B78}.Debug|ARM.Build.0 = Debug|Any CPU
		{9CDA171F-68CE-4770-A12B-9693E5463B78}.Debug|iPhone.ActiveCfg = Debug|Any CPU
		{9CDA171F-68CE-4770-A12B-9693E5463B78}.Debug|iPhone.Build.0 = Debug|Any CPU
		{9CDA171F-68CE-4770-A12B-9693E5463B78}.Debug|iPhoneSimulator.ActiveCfg = Debug|Any CPU
		{9CDA171F-68CE-4770-A12B-9693E5463B78}.Debug|iPhoneSimulator.Build.0 = Debug|Any CPU
		{9CDA171F-68CE-4770-A12B-9693E5463B78}.Debug|x64.ActiveCfg = Debug|Any CPU
		{9CDA171F-68CE-4770-A12B-9693E5463B78}.Debug|x64.Build.0 = Debug|Any CPU
		{9CDA171F-68CE-4770-A12B-9693E5463B78}.Debug|x86.ActiveCfg = Debug|Any CPU
		{9CDA171F-68CE-4770-A12B-9693E5463B78}.Debug|x86.Build.0 = Debug|Any CPU
		{9CDA171F-68CE-4770-A12B-9693E5463B78}.Release|Any CPU.ActiveCfg = Release|Any CPU
		{9CDA171F-68CE-4770-A12B-9693E5463B78}.Release|Any CPU.Build.0 = Release|Any CPU
		{9CDA171F-68CE-4770-A12B-9693E5463B78}.Release|ARM.ActiveCfg = Release|Any CPU
		{9CDA171F-68CE-4770-A12B-9693E5463B78}.Release|ARM.Build.0 = Release|Any CPU
		{9CDA171F-68CE-4770-A12B-9693E5463B78}.Release|iPhone.ActiveCfg = Release|Any CPU
		{9CDA171F-68CE-4770-A12B-9693E5463B78}.Release|iPhone.Build.0 = Release|Any CPU
		{9CDA171F-68CE-4770-A12B-9693E5463B78}.Release|iPhoneSimulator.ActiveCfg = Release|Any CPU
		{9CDA171F-68CE-4770-A12B-9693E5463B78}.Release|iPhoneSimulator.Build.0 = Release|Any CPU
		{9CDA171F-68CE-4770-A12B-9693E5463B78}.Release|x64.ActiveCfg = Release|Any CPU
		{9CDA171F-68CE-4770-A12B-9693E5463B78}.Release|x64.Build.0 = Release|Any CPU
		{9CDA171F-68CE-4770-A12B-9693E5463B78}.Release|x86.ActiveCfg = Release|Any CPU
		{9CDA171F-68CE-4770-A12B-9693E5463B78}.Release|x86.Build.0 = Release|Any CPU
		{7BACE751-C54E-49A3-98C3-57389F088BC8}.Ad-Hoc|Any CPU.ActiveCfg = Release|Any CPU
		{7BACE751-C54E-49A3-98C3-57389F088BC8}.Ad-Hoc|Any CPU.Build.0 = Release|Any CPU
		{7BACE751-C54E-49A3-98C3-57389F088BC8}.Ad-Hoc|Any CPU.Deploy.0 = Release|Any CPU
		{7BACE751-C54E-49A3-98C3-57389F088BC8}.Ad-Hoc|ARM.ActiveCfg = Release|Any CPU
		{7BACE751-C54E-49A3-98C3-57389F088BC8}.Ad-Hoc|ARM.Build.0 = Release|Any CPU
		{7BACE751-C54E-49A3-98C3-57389F088BC8}.Ad-Hoc|ARM.Deploy.0 = Release|Any CPU
		{7BACE751-C54E-49A3-98C3-57389F088BC8}.Ad-Hoc|iPhone.ActiveCfg = Release|Any CPU
		{7BACE751-C54E-49A3-98C3-57389F088BC8}.Ad-Hoc|iPhone.Build.0 = Release|Any CPU
		{7BACE751-C54E-49A3-98C3-57389F088BC8}.Ad-Hoc|iPhone.Deploy.0 = Release|Any CPU
		{7BACE751-C54E-49A3-98C3-57389F088BC8}.Ad-Hoc|iPhoneSimulator.ActiveCfg = Release|Any CPU
		{7BACE751-C54E-49A3-98C3-57389F088BC8}.Ad-Hoc|iPhoneSimulator.Build.0 = Release|Any CPU
		{7BACE751-C54E-49A3-98C3-57389F088BC8}.Ad-Hoc|iPhoneSimulator.Deploy.0 = Release|Any CPU
		{7BACE751-C54E-49A3-98C3-57389F088BC8}.Ad-Hoc|x64.ActiveCfg = Release|Any CPU
		{7BACE751-C54E-49A3-98C3-57389F088BC8}.Ad-Hoc|x64.Build.0 = Release|Any CPU
		{7BACE751-C54E-49A3-98C3-57389F088BC8}.Ad-Hoc|x64.Deploy.0 = Release|Any CPU
		{7BACE751-C54E-49A3-98C3-57389F088BC8}.Ad-Hoc|x86.ActiveCfg = Release|Any CPU
		{7BACE751-C54E-49A3-98C3-57389F088BC8}.Ad-Hoc|x86.Build.0 = Release|Any CPU
		{7BACE751-C54E-49A3-98C3-57389F088BC8}.Ad-Hoc|x86.Deploy.0 = Release|Any CPU
		{7BACE751-C54E-49A3-98C3-57389F088BC8}.AppStore|Any CPU.ActiveCfg = Release|Any CPU
		{7BACE751-C54E-49A3-98C3-57389F088BC8}.AppStore|Any CPU.Build.0 = Release|Any CPU
		{7BACE751-C54E-49A3-98C3-57389F088BC8}.AppStore|Any CPU.Deploy.0 = Release|Any CPU
		{7BACE751-C54E-49A3-98C3-57389F088BC8}.AppStore|ARM.ActiveCfg = Release|Any CPU
		{7BACE751-C54E-49A3-98C3-57389F088BC8}.AppStore|ARM.Build.0 = Release|Any CPU
		{7BACE751-C54E-49A3-98C3-57389F088BC8}.AppStore|ARM.Deploy.0 = Release|Any CPU
		{7BACE751-C54E-49A3-98C3-57389F088BC8}.AppStore|iPhone.ActiveCfg = Release|Any CPU
		{7BACE751-C54E-49A3-98C3-57389F088BC8}.AppStore|iPhone.Build.0 = Release|Any CPU
		{7BACE751-C54E-49A3-98C3-57389F088BC8}.AppStore|iPhone.Deploy.0 = Release|Any CPU
		{7BACE751-C54E-49A3-98C3-57389F088BC8}.AppStore|iPhoneSimulator.ActiveCfg = Release|Any CPU
		{7BACE751-C54E-49A3-98C3-57389F088BC8}.AppStore|iPhoneSimulator.Build.0 = Release|Any CPU
		{7BACE751-C54E-49A3-98C3-57389F088BC8}.AppStore|iPhoneSimulator.Deploy.0 = Release|Any CPU
		{7BACE751-C54E-49A3-98C3-57389F088BC8}.AppStore|x64.ActiveCfg = Release|Any CPU
		{7BACE751-C54E-49A3-98C3-57389F088BC8}.AppStore|x64.Build.0 = Release|Any CPU
		{7BACE751-C54E-49A3-98C3-57389F088BC8}.AppStore|x64.Deploy.0 = Release|Any CPU
		{7BACE751-C54E-49A3-98C3-57389F088BC8}.AppStore|x86.ActiveCfg = Release|Any CPU
		{7BACE751-C54E-49A3-98C3-57389F088BC8}.AppStore|x86.Build.0 = Release|Any CPU
		{7BACE751-C54E-49A3-98C3-57389F088BC8}.AppStore|x86.Deploy.0 = Release|Any CPU
		{7BACE751-C54E-49A3-98C3-57389F088BC8}.Debug|Any CPU.ActiveCfg = Debug|Any CPU
		{7BACE751-C54E-49A3-98C3-57389F088BC8}.Debug|Any CPU.Build.0 = Debug|Any CPU
		{7BACE751-C54E-49A3-98C3-57389F088BC8}.Debug|Any CPU.Deploy.0 = Debug|Any CPU
		{7BACE751-C54E-49A3-98C3-57389F088BC8}.Debug|ARM.ActiveCfg = Debug|Any CPU
		{7BACE751-C54E-49A3-98C3-57389F088BC8}.Debug|ARM.Build.0 = Debug|Any CPU
		{7BACE751-C54E-49A3-98C3-57389F088BC8}.Debug|ARM.Deploy.0 = Debug|Any CPU
		{7BACE751-C54E-49A3-98C3-57389F088BC8}.Debug|iPhone.ActiveCfg = Debug|Any CPU
		{7BACE751-C54E-49A3-98C3-57389F088BC8}.Debug|iPhone.Build.0 = Debug|Any CPU
		{7BACE751-C54E-49A3-98C3-57389F088BC8}.Debug|iPhone.Deploy.0 = Debug|Any CPU
		{7BACE751-C54E-49A3-98C3-57389F088BC8}.Debug|iPhoneSimulator.ActiveCfg = Debug|Any CPU
		{7BACE751-C54E-49A3-98C3-57389F088BC8}.Debug|iPhoneSimulator.Build.0 = Debug|Any CPU
		{7BACE751-C54E-49A3-98C3-57389F088BC8}.Debug|iPhoneSimulator.Deploy.0 = Debug|Any CPU
		{7BACE751-C54E-49A3-98C3-57389F088BC8}.Debug|x64.ActiveCfg = Debug|Any CPU
		{7BACE751-C54E-49A3-98C3-57389F088BC8}.Debug|x64.Build.0 = Debug|Any CPU
		{7BACE751-C54E-49A3-98C3-57389F088BC8}.Debug|x64.Deploy.0 = Debug|Any CPU
		{7BACE751-C54E-49A3-98C3-57389F088BC8}.Debug|x86.ActiveCfg = Debug|Any CPU
		{7BACE751-C54E-49A3-98C3-57389F088BC8}.Debug|x86.Build.0 = Debug|Any CPU
		{7BACE751-C54E-49A3-98C3-57389F088BC8}.Debug|x86.Deploy.0 = Debug|Any CPU
		{7BACE751-C54E-49A3-98C3-57389F088BC8}.Release|Any CPU.ActiveCfg = Release|Any CPU
		{7BACE751-C54E-49A3-98C3-57389F088BC8}.Release|Any CPU.Build.0 = Release|Any CPU
		{7BACE751-C54E-49A3-98C3-57389F088BC8}.Release|Any CPU.Deploy.0 = Release|Any CPU
		{7BACE751-C54E-49A3-98C3-57389F088BC8}.Release|ARM.ActiveCfg = Release|Any CPU
		{7BACE751-C54E-49A3-98C3-57389F088BC8}.Release|ARM.Build.0 = Release|Any CPU
		{7BACE751-C54E-49A3-98C3-57389F088BC8}.Release|ARM.Deploy.0 = Release|Any CPU
		{7BACE751-C54E-49A3-98C3-57389F088BC8}.Release|iPhone.ActiveCfg = Release|Any CPU
		{7BACE751-C54E-49A3-98C3-57389F088BC8}.Release|iPhone.Build.0 = Release|Any CPU
		{7BACE751-C54E-49A3-98C3-57389F088BC8}.Release|iPhone.Deploy.0 = Release|Any CPU
		{7BACE751-C54E-49A3-98C3-57389F088BC8}.Release|iPhoneSimulator.ActiveCfg = Release|Any CPU
		{7BACE751-C54E-49A3-98C3-57389F088BC8}.Release|iPhoneSimulator.Build.0 = Release|Any CPU
		{7BACE751-C54E-49A3-98C3-57389F088BC8}.Release|iPhoneSimulator.Deploy.0 = Release|Any CPU
		{7BACE751-C54E-49A3-98C3-57389F088BC8}.Release|x64.ActiveCfg = Release|Any CPU
		{7BACE751-C54E-49A3-98C3-57389F088BC8}.Release|x64.Build.0 = Release|Any CPU
		{7BACE751-C54E-49A3-98C3-57389F088BC8}.Release|x64.Deploy.0 = Release|Any CPU
		{7BACE751-C54E-49A3-98C3-57389F088BC8}.Release|x86.ActiveCfg = Release|Any CPU
		{7BACE751-C54E-49A3-98C3-57389F088BC8}.Release|x86.Build.0 = Release|Any CPU
		{7BACE751-C54E-49A3-98C3-57389F088BC8}.Release|x86.Deploy.0 = Release|Any CPU
		{7BE61429-F4C1-41DF-A211-5611BC72E70B}.Ad-Hoc|Any CPU.ActiveCfg = Ad-Hoc|iPhone
		{7BE61429-F4C1-41DF-A211-5611BC72E70B}.Ad-Hoc|ARM.ActiveCfg = Ad-Hoc|iPhone
		{7BE61429-F4C1-41DF-A211-5611BC72E70B}.Ad-Hoc|iPhone.ActiveCfg = Ad-Hoc|iPhone
		{7BE61429-F4C1-41DF-A211-5611BC72E70B}.Ad-Hoc|iPhone.Build.0 = Ad-Hoc|iPhone
		{7BE61429-F4C1-41DF-A211-5611BC72E70B}.Ad-Hoc|iPhoneSimulator.ActiveCfg = Ad-Hoc|iPhoneSimulator
		{7BE61429-F4C1-41DF-A211-5611BC72E70B}.Ad-Hoc|iPhoneSimulator.Build.0 = Ad-Hoc|iPhoneSimulator
		{7BE61429-F4C1-41DF-A211-5611BC72E70B}.Ad-Hoc|x64.ActiveCfg = Ad-Hoc|iPhone
		{7BE61429-F4C1-41DF-A211-5611BC72E70B}.Ad-Hoc|x86.ActiveCfg = Ad-Hoc|iPhone
		{7BE61429-F4C1-41DF-A211-5611BC72E70B}.AppStore|Any CPU.ActiveCfg = AppStore|iPhone
		{7BE61429-F4C1-41DF-A211-5611BC72E70B}.AppStore|ARM.ActiveCfg = AppStore|iPhone
		{7BE61429-F4C1-41DF-A211-5611BC72E70B}.AppStore|iPhone.ActiveCfg = AppStore|iPhone
		{7BE61429-F4C1-41DF-A211-5611BC72E70B}.AppStore|iPhone.Build.0 = AppStore|iPhone
		{7BE61429-F4C1-41DF-A211-5611BC72E70B}.AppStore|iPhoneSimulator.ActiveCfg = AppStore|iPhoneSimulator
		{7BE61429-F4C1-41DF-A211-5611BC72E70B}.AppStore|iPhoneSimulator.Build.0 = AppStore|iPhoneSimulator
		{7BE61429-F4C1-41DF-A211-5611BC72E70B}.AppStore|x64.ActiveCfg = AppStore|iPhone
		{7BE61429-F4C1-41DF-A211-5611BC72E70B}.AppStore|x86.ActiveCfg = AppStore|iPhone
		{7BE61429-F4C1-41DF-A211-5611BC72E70B}.Debug|Any CPU.ActiveCfg = Debug|iPhone
		{7BE61429-F4C1-41DF-A211-5611BC72E70B}.Debug|ARM.ActiveCfg = Debug|iPhone
		{7BE61429-F4C1-41DF-A211-5611BC72E70B}.Debug|iPhone.ActiveCfg = Debug|iPhone
		{7BE61429-F4C1-41DF-A211-5611BC72E70B}.Debug|iPhone.Build.0 = Debug|iPhone
		{7BE61429-F4C1-41DF-A211-5611BC72E70B}.Debug|iPhoneSimulator.ActiveCfg = Debug|iPhoneSimulator
		{7BE61429-F4C1-41DF-A211-5611BC72E70B}.Debug|iPhoneSimulator.Build.0 = Debug|iPhoneSimulator
		{7BE61429-F4C1-41DF-A211-5611BC72E70B}.Debug|x64.ActiveCfg = Debug|iPhone
		{7BE61429-F4C1-41DF-A211-5611BC72E70B}.Debug|x86.ActiveCfg = Debug|iPhone
		{7BE61429-F4C1-41DF-A211-5611BC72E70B}.Release|Any CPU.ActiveCfg = Release|iPhone
		{7BE61429-F4C1-41DF-A211-5611BC72E70B}.Release|ARM.ActiveCfg = Release|iPhone
		{7BE61429-F4C1-41DF-A211-5611BC72E70B}.Release|iPhone.ActiveCfg = Release|iPhone
		{7BE61429-F4C1-41DF-A211-5611BC72E70B}.Release|iPhone.Build.0 = Release|iPhone
		{7BE61429-F4C1-41DF-A211-5611BC72E70B}.Release|iPhoneSimulator.ActiveCfg = Release|iPhoneSimulator
		{7BE61429-F4C1-41DF-A211-5611BC72E70B}.Release|iPhoneSimulator.Build.0 = Release|iPhoneSimulator
		{7BE61429-F4C1-41DF-A211-5611BC72E70B}.Release|x64.ActiveCfg = Release|iPhone
		{7BE61429-F4C1-41DF-A211-5611BC72E70B}.Release|x86.ActiveCfg = Release|iPhone
		{B1252CB6-C558-4559-BF89-354827903C3B}.Ad-Hoc|Any CPU.ActiveCfg = Release|x86
		{B1252CB6-C558-4559-BF89-354827903C3B}.Ad-Hoc|Any CPU.Build.0 = Release|x86
		{B1252CB6-C558-4559-BF89-354827903C3B}.Ad-Hoc|Any CPU.Deploy.0 = Release|x86
		{B1252CB6-C558-4559-BF89-354827903C3B}.Ad-Hoc|ARM.ActiveCfg = Release|ARM
		{B1252CB6-C558-4559-BF89-354827903C3B}.Ad-Hoc|ARM.Build.0 = Release|ARM
		{B1252CB6-C558-4559-BF89-354827903C3B}.Ad-Hoc|ARM.Deploy.0 = Release|ARM
		{B1252CB6-C558-4559-BF89-354827903C3B}.Ad-Hoc|iPhone.ActiveCfg = Release|x86
		{B1252CB6-C558-4559-BF89-354827903C3B}.Ad-Hoc|iPhone.Build.0 = Release|x86
		{B1252CB6-C558-4559-BF89-354827903C3B}.Ad-Hoc|iPhone.Deploy.0 = Release|x86
		{B1252CB6-C558-4559-BF89-354827903C3B}.Ad-Hoc|iPhoneSimulator.ActiveCfg = Release|x86
		{B1252CB6-C558-4559-BF89-354827903C3B}.Ad-Hoc|iPhoneSimulator.Build.0 = Release|x86
		{B1252CB6-C558-4559-BF89-354827903C3B}.Ad-Hoc|iPhoneSimulator.Deploy.0 = Release|x86
		{B1252CB6-C558-4559-BF89-354827903C3B}.Ad-Hoc|x64.ActiveCfg = Release|x64
		{B1252CB6-C558-4559-BF89-354827903C3B}.Ad-Hoc|x64.Build.0 = Release|x64
		{B1252CB6-C558-4559-BF89-354827903C3B}.Ad-Hoc|x64.Deploy.0 = Release|x64
		{B1252CB6-C558-4559-BF89-354827903C3B}.Ad-Hoc|x86.ActiveCfg = Release|x86
		{B1252CB6-C558-4559-BF89-354827903C3B}.Ad-Hoc|x86.Build.0 = Release|x86
		{B1252CB6-C558-4559-BF89-354827903C3B}.Ad-Hoc|x86.Deploy.0 = Release|x86
		{B1252CB6-C558-4559-BF89-354827903C3B}.AppStore|Any CPU.ActiveCfg = Release|x86
		{B1252CB6-C558-4559-BF89-354827903C3B}.AppStore|Any CPU.Build.0 = Release|x86
		{B1252CB6-C558-4559-BF89-354827903C3B}.AppStore|Any CPU.Deploy.0 = Release|x86
		{B1252CB6-C558-4559-BF89-354827903C3B}.AppStore|ARM.ActiveCfg = Release|ARM
		{B1252CB6-C558-4559-BF89-354827903C3B}.AppStore|ARM.Build.0 = Release|ARM
		{B1252CB6-C558-4559-BF89-354827903C3B}.AppStore|ARM.Deploy.0 = Release|ARM
		{B1252CB6-C558-4559-BF89-354827903C3B}.AppStore|iPhone.ActiveCfg = Release|x86
		{B1252CB6-C558-4559-BF89-354827903C3B}.AppStore|iPhone.Build.0 = Release|x86
		{B1252CB6-C558-4559-BF89-354827903C3B}.AppStore|iPhone.Deploy.0 = Release|x86
		{B1252CB6-C558-4559-BF89-354827903C3B}.AppStore|iPhoneSimulator.ActiveCfg = Release|x86
		{B1252CB6-C558-4559-BF89-354827903C3B}.AppStore|iPhoneSimulator.Build.0 = Release|x86
		{B1252CB6-C558-4559-BF89-354827903C3B}.AppStore|iPhoneSimulator.Deploy.0 = Release|x86
		{B1252CB6-C558-4559-BF89-354827903C3B}.AppStore|x64.ActiveCfg = Release|x64
		{B1252CB6-C558-4559-BF89-354827903C3B}.AppStore|x64.Build.0 = Release|x64
		{B1252CB6-C558-4559-BF89-354827903C3B}.AppStore|x64.Deploy.0 = Release|x64
		{B1252CB6-C558-4559-BF89-354827903C3B}.AppStore|x86.ActiveCfg = Release|x86
		{B1252CB6-C558-4559-BF89-354827903C3B}.AppStore|x86.Build.0 = Release|x86
		{B1252CB6-C558-4559-BF89-354827903C3B}.AppStore|x86.Deploy.0 = Release|x86
		{B1252CB6-C558-4559-BF89-354827903C3B}.Debug|Any CPU.ActiveCfg = Debug|x86
		{B1252CB6-C558-4559-BF89-354827903C3B}.Debug|ARM.ActiveCfg = Debug|ARM
		{B1252CB6-C558-4559-BF89-354827903C3B}.Debug|ARM.Build.0 = Debug|ARM
		{B1252CB6-C558-4559-BF89-354827903C3B}.Debug|ARM.Deploy.0 = Debug|ARM
		{B1252CB6-C558-4559-BF89-354827903C3B}.Debug|iPhone.ActiveCfg = Debug|x86
		{B1252CB6-C558-4559-BF89-354827903C3B}.Debug|iPhoneSimulator.ActiveCfg = Debug|x86
		{B1252CB6-C558-4559-BF89-354827903C3B}.Debug|x64.ActiveCfg = Debug|x64
		{B1252CB6-C558-4559-BF89-354827903C3B}.Debug|x64.Build.0 = Debug|x64
		{B1252CB6-C558-4559-BF89-354827903C3B}.Debug|x64.Deploy.0 = Debug|x64
		{B1252CB6-C558-4559-BF89-354827903C3B}.Debug|x86.ActiveCfg = Debug|x86
		{B1252CB6-C558-4559-BF89-354827903C3B}.Debug|x86.Build.0 = Debug|x86
		{B1252CB6-C558-4559-BF89-354827903C3B}.Debug|x86.Deploy.0 = Debug|x86
		{B1252CB6-C558-4559-BF89-354827903C3B}.Release|Any CPU.ActiveCfg = Release|x86
		{B1252CB6-C558-4559-BF89-354827903C3B}.Release|ARM.ActiveCfg = Release|ARM
		{B1252CB6-C558-4559-BF89-354827903C3B}.Release|ARM.Build.0 = Release|ARM
		{B1252CB6-C558-4559-BF89-354827903C3B}.Release|ARM.Deploy.0 = Release|ARM
		{B1252CB6-C558-4559-BF89-354827903C3B}.Release|iPhone.ActiveCfg = Release|x86
		{B1252CB6-C558-4559-BF89-354827903C3B}.Release|iPhoneSimulator.ActiveCfg = Release|x86
		{B1252CB6-C558-4559-BF89-354827903C3B}.Release|x64.ActiveCfg = Release|x64
		{B1252CB6-C558-4559-BF89-354827903C3B}.Release|x64.Build.0 = Release|x64
		{B1252CB6-C558-4559-BF89-354827903C3B}.Release|x64.Deploy.0 = Release|x64
		{B1252CB6-C558-4559-BF89-354827903C3B}.Release|x86.ActiveCfg = Release|x86
		{B1252CB6-C558-4559-BF89-354827903C3B}.Release|x86.Build.0 = Release|x86
		{B1252CB6-C558-4559-BF89-354827903C3B}.Release|x86.Deploy.0 = Release|x86
		{D4CCFC51-7CB3-4302-8BAE-9F384D66C096}.Ad-Hoc|Any CPU.ActiveCfg = Debug|Any CPU
		{D4CCFC51-7CB3-4302-8BAE-9F384D66C096}.Ad-Hoc|Any CPU.Build.0 = Debug|Any CPU
		{D4CCFC51-7CB3-4302-8BAE-9F384D66C096}.Ad-Hoc|ARM.ActiveCfg = Debug|Any CPU
		{D4CCFC51-7CB3-4302-8BAE-9F384D66C096}.Ad-Hoc|ARM.Build.0 = Debug|Any CPU
		{D4CCFC51-7CB3-4302-8BAE-9F384D66C096}.Ad-Hoc|iPhone.ActiveCfg = Debug|Any CPU
		{D4CCFC51-7CB3-4302-8BAE-9F384D66C096}.Ad-Hoc|iPhone.Build.0 = Debug|Any CPU
		{D4CCFC51-7CB3-4302-8BAE-9F384D66C096}.Ad-Hoc|iPhoneSimulator.ActiveCfg = Debug|Any CPU
		{D4CCFC51-7CB3-4302-8BAE-9F384D66C096}.Ad-Hoc|iPhoneSimulator.Build.0 = Debug|Any CPU
		{D4CCFC51-7CB3-4302-8BAE-9F384D66C096}.Ad-Hoc|x64.ActiveCfg = Debug|Any CPU
		{D4CCFC51-7CB3-4302-8BAE-9F384D66C096}.Ad-Hoc|x64.Build.0 = Debug|Any CPU
		{D4CCFC51-7CB3-4302-8BAE-9F384D66C096}.Ad-Hoc|x86.ActiveCfg = Debug|Any CPU
		{D4CCFC51-7CB3-4302-8BAE-9F384D66C096}.Ad-Hoc|x86.Build.0 = Debug|Any CPU
		{D4CCFC51-7CB3-4302-8BAE-9F384D66C096}.AppStore|Any CPU.ActiveCfg = Debug|Any CPU
		{D4CCFC51-7CB3-4302-8BAE-9F384D66C096}.AppStore|Any CPU.Build.0 = Debug|Any CPU
		{D4CCFC51-7CB3-4302-8BAE-9F384D66C096}.AppStore|ARM.ActiveCfg = Debug|Any CPU
		{D4CCFC51-7CB3-4302-8BAE-9F384D66C096}.AppStore|ARM.Build.0 = Debug|Any CPU
		{D4CCFC51-7CB3-4302-8BAE-9F384D66C096}.AppStore|iPhone.ActiveCfg = Debug|Any CPU
		{D4CCFC51-7CB3-4302-8BAE-9F384D66C096}.AppStore|iPhone.Build.0 = Debug|Any CPU
		{D4CCFC51-7CB3-4302-8BAE-9F384D66C096}.AppStore|iPhoneSimulator.ActiveCfg = Debug|Any CPU
		{D4CCFC51-7CB3-4302-8BAE-9F384D66C096}.AppStore|iPhoneSimulator.Build.0 = Debug|Any CPU
		{D4CCFC51-7CB3-4302-8BAE-9F384D66C096}.AppStore|x64.ActiveCfg = Debug|Any CPU
		{D4CCFC51-7CB3-4302-8BAE-9F384D66C096}.AppStore|x64.Build.0 = Debug|Any CPU
		{D4CCFC51-7CB3-4302-8BAE-9F384D66C096}.AppStore|x86.ActiveCfg = Debug|Any CPU
		{D4CCFC51-7CB3-4302-8BAE-9F384D66C096}.AppStore|x86.Build.0 = Debug|Any CPU
		{D4CCFC51-7CB3-4302-8BAE-9F384D66C096}.Debug|Any CPU.ActiveCfg = Debug|Any CPU
		{D4CCFC51-7CB3-4302-8BAE-9F384D66C096}.Debug|Any CPU.Build.0 = Debug|Any CPU
		{D4CCFC51-7CB3-4302-8BAE-9F384D66C096}.Debug|ARM.ActiveCfg = Debug|Any CPU
		{D4CCFC51-7CB3-4302-8BAE-9F384D66C096}.Debug|ARM.Build.0 = Debug|Any CPU
		{D4CCFC51-7CB3-4302-8BAE-9F384D66C096}.Debug|iPhone.ActiveCfg = Debug|Any CPU
		{D4CCFC51-7CB3-4302-8BAE-9F384D66C096}.Debug|iPhone.Build.0 = Debug|Any CPU
		{D4CCFC51-7CB3-4302-8BAE-9F384D66C096}.Debug|iPhoneSimulator.ActiveCfg = Debug|Any CPU
		{D4CCFC51-7CB3-4302-8BAE-9F384D66C096}.Debug|iPhoneSimulator.Build.0 = Debug|Any CPU
		{D4CCFC51-7CB3-4302-8BAE-9F384D66C096}.Debug|x64.ActiveCfg = Debug|Any CPU
		{D4CCFC51-7CB3-4302-8BAE-9F384D66C096}.Debug|x64.Build.0 = Debug|Any CPU
		{D4CCFC51-7CB3-4302-8BAE-9F384D66C096}.Debug|x86.ActiveCfg = Debug|Any CPU
		{D4CCFC51-7CB3-4302-8BAE-9F384D66C096}.Debug|x86.Build.0 = Debug|Any CPU
		{D4CCFC51-7CB3-4302-8BAE-9F384D66C096}.Release|Any CPU.ActiveCfg = Release|Any CPU
		{D4CCFC51-7CB3-4302-8BAE-9F384D66C096}.Release|Any CPU.Build.0 = Release|Any CPU
		{D4CCFC51-7CB3-4302-8BAE-9F384D66C096}.Release|ARM.ActiveCfg = Release|Any CPU
		{D4CCFC51-7CB3-4302-8BAE-9F384D66C096}.Release|ARM.Build.0 = Release|Any CPU
		{D4CCFC51-7CB3-4302-8BAE-9F384D66C096}.Release|iPhone.ActiveCfg = Release|Any CPU
		{D4CCFC51-7CB3-4302-8BAE-9F384D66C096}.Release|iPhone.Build.0 = Release|Any CPU
		{D4CCFC51-7CB3-4302-8BAE-9F384D66C096}.Release|iPhoneSimulator.ActiveCfg = Release|Any CPU
		{D4CCFC51-7CB3-4302-8BAE-9F384D66C096}.Release|iPhoneSimulator.Build.0 = Release|Any CPU
		{D4CCFC51-7CB3-4302-8BAE-9F384D66C096}.Release|x64.ActiveCfg = Release|Any CPU
		{D4CCFC51-7CB3-4302-8BAE-9F384D66C096}.Release|x64.Build.0 = Release|Any CPU
		{D4CCFC51-7CB3-4302-8BAE-9F384D66C096}.Release|x86.ActiveCfg = Release|Any CPU
		{D4CCFC51-7CB3-4302-8BAE-9F384D66C096}.Release|x86.Build.0 = Release|Any CPU
	EndGlobalSection
	GlobalSection(SolutionProperties) = preSolution
		HideSolutionNode = FALSE
	EndGlobalSection
	GlobalSection(NestedProjects) = preSolution
		{9CDA171F-68CE-4770-A12B-9693E5463B78} = {A3771E25-605C-49AE-B72B-1447E41708F3}
		{7BACE751-C54E-49A3-98C3-57389F088BC8} = {D144B1AE-8A53-4088-92F8-3A8C8BDCA021}
		{7BE61429-F4C1-41DF-A211-5611BC72E70B} = {D144B1AE-8A53-4088-92F8-3A8C8BDCA021}
		{B1252CB6-C558-4559-BF89-354827903C3B} = {D144B1AE-8A53-4088-92F8-3A8C8BDCA021}
		{D4CCFC51-7CB3-4302-8BAE-9F384D66C096} = {D144B1AE-8A53-4088-92F8-3A8C8BDCA021}
	EndGlobalSection
	GlobalSection(ExtensibilityGlobals) = postSolution
		SolutionGuid = {0645D07D-4511-4A4A-8458-430029F1EC80}
	EndGlobalSection
EndGlobal
